<?xml version="1.0" encoding="utf-8"?>
<Project ToolsVersion="4.0" xmlns="http://schemas.microsoft.com/developer/msbuild/2003">
  <ItemGroup>
    <Filter Include="源文件">
      <UniqueIdentifier>{4FC737F1-C7A5-4376-A066-2A32D752A2FF}</UniqueIdentifier>
      <Extensions>cpp;c;cc;cxx;def;odl;idl;hpj;bat;asm;asmx</Extensions>
    </Filter>
    <Filter Include="头文件">
      <UniqueIdentifier>{93995380-89BD-4b04-88EB-625FBE52EBFB}</UniqueIdentifier>
      <Extensions>h;hh;hpp;hxx;hm;inl;inc;xsd</Extensions>
    </Filter>
    <Filter Include="资源文件">
      <UniqueIdentifier>{67DA6AB6-F800-4c08-8B7A-83BB121AAD01}</UniqueIdentifier>
      <Extensions>rc;ico;cur;bmp;dlg;rc2;rct;bin;rgs;gif;jpg;jpeg;jpe;resx;tiff;tif;png;wav;mfcribbon-ms</Extensions>
    </Filter>
  </ItemGroup>
  <ItemGroup>
    <ClInclude Include="stdafx.h">
      <Filter>头文件</Filter>
    </ClInclude>
    <ClInclude Include="targetver.h">
      <Filter>头文件</Filter>
    </ClInclude>
    <ClInclude Include="..\0001-two-sum.h">
      <Filter>头文件</Filter>
    </ClInclude>
    <ClInclude Include="..\0002-add-two-numbers.h">
      <Filter>头文件</Filter>
    </ClInclude>
    <ClInclude Include="..\0003-longest-substring-without-repeating-characters.h">
      <Filter>头文件</Filter>
    </ClInclude>
    <ClInclude Include="..\0004-median-of-two-sorted-arrays.h">
      <Filter>头文件</Filter>
    </ClInclude>
    <ClInclude Include="..\0005-longest-palindromic-substring.h">
      <Filter>头文件</Filter>
    </ClInclude>
    <ClInclude Include="..\0008-string-to-integer-atoi.h">
      <Filter>头文件</Filter>
    </ClInclude>
    <ClInclude Include="..\0010-regular-expression-matching.h">
      <Filter>头文件</Filter>
    </ClInclude>
    <ClInclude Include="..\0019-remove-nth-node-from-end-of-list.h">
      <Filter>头文件</Filter>
    </ClInclude>
    <ClInclude Include="..\0023-merge-k-sorted-lists.h">
      <Filter>头文件</Filter>
    </ClInclude>
    <ClInclude Include="..\0025-reverse-nodes-in-k-group.h">
      <Filter>头文件</Filter>
    </ClInclude>
    <ClInclude Include="..\0031-next-permutation.h">
      <Filter>头文件</Filter>
    </ClInclude>
    <ClInclude Include="..\0032-longest-valid-parentheses.h">
      <Filter>头文件</Filter>
    </ClInclude>
    <ClInclude Include="..\0041-first-missing-positive.h">
      <Filter>头文件</Filter>
    </ClInclude>
    <ClInclude Include="..\0042-trapping-rain-water.h">
      <Filter>头文件</Filter>
    </ClInclude>
    <ClInclude Include="..\0044-wildcard-matching.h">
      <Filter>头文件</Filter>
    </ClInclude>
    <ClInclude Include="..\0051-n-queens.h">
      <Filter>头文件</Filter>
    </ClInclude>
    <ClInclude Include="..\0052-n-queens-ii.h">
      <Filter>头文件</Filter>
    </ClInclude>
    <ClInclude Include="..\0088-merge-sorted-array.h">
      <Filter>头文件</Filter>
    </ClInclude>
    <ClInclude Include="..\0091-decode-ways.h">
      <Filter>头文件</Filter>
    </ClInclude>
    <ClInclude Include="..\0136-single-number.h">
      <Filter>头文件</Filter>
    </ClInclude>
    <ClInclude Include="..\0214-shortest-palindrome.h">
      <Filter>头文件</Filter>
    </ClInclude>
    <ClInclude Include="..\0233-number-of-digit-one.h">
      <Filter>头文件</Filter>
    </ClInclude>
    <ClInclude Include="..\0292-nim-game.h">
      <Filter>头文件</Filter>
    </ClInclude>
    <ClInclude Include="..\0319-bulb-switcher.h">
      <Filter>头文件</Filter>
    </ClInclude>
    <ClInclude Include="..\0391-perfect-rectangle.h">
      <Filter>头文件</Filter>
    </ClInclude>
    <ClInclude Include="..\0639-decode-ways-ii.h">
      <Filter>头文件</Filter>
    </ClInclude>
    <ClInclude Include="..\0777-swap-adjacent-in-lr-string.h">
      <Filter>头文件</Filter>
    </ClInclude>
    <ClInclude Include="..\0828-unique-letter-string.h">
      <Filter>头文件</Filter>
    </ClInclude>
    <ClInclude Include="..\0871-minimum-number-of-refueling-stops.h">
      <Filter>头文件</Filter>
    </ClInclude>
    <ClInclude Include="..\0045-jump-game-ii.h">
      <Filter>头文件</Filter>
    </ClInclude>
    <ClInclude Include="..\0055-jump-game.h">
      <Filter>头文件</Filter>
    </ClInclude>
    <ClInclude Include="..\0057-insert-interval.h">
      <Filter>头文件</Filter>
    </ClInclude>
    <ClInclude Include="..\0006-zigzag-conversion.h">
      <Filter>头文件</Filter>
    </ClInclude>
    <ClInclude Include="..\0736-parse-lisp-expression.h">
      <Filter>头文件</Filter>
    </ClInclude>
    <ClInclude Include="..\0145-binary-tree-postorder-traversal.h">
      <Filter>头文件</Filter>
    </ClInclude>
  </ItemGroup>
  <ItemGroup>
    <ClCompile Include="stdafx.cpp">
      <Filter>源文件</Filter>
    </ClCompile>
    <ClCompile Include="main.cpp">
      <Filter>源文件</Filter>
    </ClCompile>
  </ItemGroup>
</Project>